
Microsoft Visual Studio Solution File, Format Version 12.00
# Visual Studio Version 16
VisualStudioVersion = 16.0.30907.101
MinimumVisualStudioVersion = 10.0.40219.1
Project("{8BC9CEB8-8B4A-11D0-8D11-00A0C91BC942}") = "test_1_26", "test_1_26\test_1_26.vcxproj", "{DFBE4A13-90B3-4777-A21A-077272EA25ED}"
EndProject
Global
	GlobalSection(SolutionConfigurationPlatforms) = preSolution
		Debug|x64 = Debug|x64
		Debug|x86 = Debug|x86
		Release|x64 = Release|x64
		Release|x86 = Release|x86
	EndGlobalSection
	GlobalSection(ProjectConfigurationPlatforms) = postSolution
		{DFBE4A13-90B3-4777-A21A-077272EA25ED}.Debug|x64.ActiveCfg = Debug|x64
		{DFBE4A13-90B3-4777-A21A-077272EA25ED}.Debug|x64.Build.0 = Debug|x64
		{DFBE4A13-90B3-4777-A21A-077272EA25ED}.Debug|x86.ActiveCfg = Debug|Win32
		{DFBE4A13-90B3-4777-A21A-077272EA25ED}.Debug|x86.Build.0 = Debug|Win32
		{DFBE4A13-90B3-4777-A21A-077272EA25ED}.Release|x64.ActiveCfg = Release|x64
		{DFBE4A13-90B3-4777-A21A-077272EA25ED}.Release|x64.Build.0 = Release|x64
		{DFBE4A13-90B3-4777-A21A-077272EA25ED}.Release|x86.ActiveCfg = Release|Win32
		{DFBE4A13-90B3-4777-A21A-077272EA25ED}.Release|x86.Build.0 = Release|Win32
	EndGlobalSection
	GlobalSection(SolutionProperties) = preSolution
		HideSolutionNode = FALSE
	EndGlobalSection
	GlobalSection(ExtensibilityGlobals) = postSolution
		SolutionGuid = {5962ED11-EC23-42CE-984A-B315F6A15A1A}
	EndGlobalSection
EndGlobal
